
Microsoft Visual Studio Solution File, Format Version 11.00
# Visual C# Express 2010
Project("{FAE04EC0-301F-11D3-BF4B-00C04F79EFBC}") = "AppStore", "AppStore\AppStore.csproj", "{754B6DD4-E31A-426F-9128-9BDCCDC9E09B}"
EndProject
Project("{FAE04EC0-301F-11D3-BF4B-00C04F79EFBC}") = "Sample", "Sample\Sample.csproj", "{050DA3B7-23E8-450E-89EA-61523AA1FF6D}"
EndProject
Global
	GlobalSection(SolutionConfigurationPlatforms) = preSolution
		Debug|Any CPU = Debug|Any CPU
		Debug|Mixed Platforms = Debug|Mixed Platforms
		Debug|x86 = Debug|x86
		Release|Any CPU = Release|Any CPU
		Release|Mixed Platforms = Release|Mixed Platforms
		Release|x86 = Release|x86
	EndGlobalSection
	GlobalSection(ProjectConfigurationPlatforms) = postSolution
		{754B6DD4-E31A-426F-9128-9BDCCDC9E09B}.Debug|Any CPU.ActiveCfg = Debug|Any CPU
		{754B6DD4-E31A-426F-9128-9BDCCDC9E09B}.Debug|Any CPU.Build.0 = Debug|Any CPU
		{754B6DD4-E31A-426F-9128-9BDCCDC9E09B}.Debug|Mixed Platforms.ActiveCfg = Debug|Any CPU
		{754B6DD4-E31A-426F-9128-9BDCCDC9E09B}.Debug|Mixed Platforms.Build.0 = Debug|Any CPU
		{754B6DD4-E31A-426F-9128-9BDCCDC9E09B}.Debug|x86.ActiveCfg = Debug|Any CPU
		{754B6DD4-E31A-426F-9128-9BDCCDC9E09B}.Release|Any CPU.ActiveCfg = Release|Any CPU
		{754B6DD4-E31A-426F-9128-9BDCCDC9E09B}.Release|Any CPU.Build.0 = Release|Any CPU
		{754B6DD4-E31A-426F-9128-9BDCCDC9E09B}.Release|Mixed Platforms.ActiveCfg = Release|Any CPU
		{754B6DD4-E31A-426F-9128-9BDCCDC9E09B}.Release|Mixed Platforms.Build.0 = Release|Any CPU
		{754B6DD4-E31A-426F-9128-9BDCCDC9E09B}.Release|x86.ActiveCfg = Release|Any CPU
		{050DA3B7-23E8-450E-89EA-61523AA1FF6D}.Debug|Any CPU.ActiveCfg = Debug|x86
		{050DA3B7-23E8-450E-89EA-61523AA1FF6D}.Debug|Mixed Platforms.ActiveCfg = Debug|x86
		{050DA3B7-23E8-450E-89EA-61523AA1FF6D}.Debug|Mixed Platforms.Build.0 = Debug|x86
		{050DA3B7-23E8-450E-89EA-61523AA1FF6D}.Debug|x86.ActiveCfg = Debug|x86
		{050DA3B7-23E8-450E-89EA-61523AA1FF6D}.Debug|x86.Build.0 = Debug|x86
		{050DA3B7-23E8-450E-89EA-61523AA1FF6D}.Release|Any CPU.ActiveCfg = Release|x86
		{050DA3B7-23E8-450E-89EA-61523AA1FF6D}.Release|Mixed Platforms.ActiveCfg = Release|x86
		{050DA3B7-23E8-450E-89EA-61523AA1FF6D}.Release|Mixed Platforms.Build.0 = Release|x86
		{050DA3B7-23E8-450E-89EA-61523AA1FF6D}.Release|x86.ActiveCfg = Release|x86
		{050DA3B7-23E8-450E-89EA-61523AA1FF6D}.Release|x86.Build.0 = Release|x86
	EndGlobalSection
	GlobalSection(SolutionProperties) = preSolution
		HideSolutionNode = FALSE
	EndGlobalSection
EndGlobal
